{
  "name": "simple solutions",
  "version": "1.0.0",
  "lockfileVersion": 3,
  "requires": true,
  "packages": {
    "": {
      "name": "simple solutions",
      "version": "1.0.0",
      "dependencies": {
        "@stripe/stripe-js": "^2.2.2"
      }
    },
    "node_modules/@stripe/stripe-js": {
      "version": "2.2.2",
      "resolved": "https://registry.npmjs.org/@stripe/stripe-js/-/stripe-js-2.2.2.tgz",
      "integrity": "sha512-LvFZRZEBoMe6vXC6RoOAIbXWo/0JDdndq43ekL9M6affcM7PtF5KALmwt91BazW7q49sbSl0l7TunWhhSwEW4w=="
    }
  }
}
